
Microsoft Visual Studio Solution File, Format Version 12.00
# Visual Studio 15
VisualStudioVersion = 15.0.28307.271
MinimumVisualStudioVersion = 10.0.40219.1
Project("{FAE04EC0-301F-11D3-BF4B-00C04F79EFBC}") = "VideoRentalSystem", "VideoRentalSystem\VideoRentalSystem.csproj", "{4CE70323-CCAF-47C4-B2B3-1382C1402615}"
EndProject
Global
	GlobalSection(SolutionConfigurationPlatforms) = preSolution
		Debug|Any CPU = Debug|Any CPU
		Release|Any CPU = Release|Any CPU
	EndGlobalSection
	GlobalSection(ProjectConfigurationPlatforms) = postSolution
		{4CE70323-CCAF-47C4-B2B3-1382C1402615}.Debug|Any CPU.ActiveCfg = Debug|Any CPU
		{4CE70323-CCAF-47C4-B2B3-1382C1402615}.Debug|Any CPU.Build.0 = Debug|Any CPU
		{4CE70323-CCAF-47C4-B2B3-1382C1402615}.Release|Any CPU.ActiveCfg = Release|Any CPU
		{4CE70323-CCAF-47C4-B2B3-1382C1402615}.Release|Any CPU.Build.0 = Release|Any CPU
	EndGlobalSection
	GlobalSection(SolutionProperties) = preSolution
		HideSolutionNode = FALSE
	EndGlobalSection
	GlobalSection(ExtensibilityGlobals) = postSolution
		SolutionGuid = {EAC743E5-755A-4314-A2D4-7884FCF6893A}
	EndGlobalSection
EndGlobal
